# THIS IS AN AUTOGENERATED FILE. DO NOT EDIT THIS FILE DIRECTLY.
# yarn lockfile v1


"@types/node@^20.1.7":
  version "20.1.7"
  resolved "https://registry.yarnpkg.com/@types/node/-/node-20.1.7.tgz#ce10c802f7731909d0a44ac9888e8b3a9125eb62"
  integrity sha512-WCuw/o4GSwDGMoonES8rcvwsig77dGCMbZDrZr2x4ZZiNW4P/gcoZXe/0twgtobcTkmg9TuKflxYL/DuwDyJzg==

infinite-lang@*:
  version "0.0.12"
  resolved "https://registry.yarnpkg.com/infinite-lang/-/infinite-lang-0.0.12.tgz#2fd2ab8b4c4c2ac00c3fefcb7d00a2bbf931b932"
  integrity sha512-r+QgFwwutCMjNtutVwrQVnhdTZRp87qW5RNdjBDgvEMFqf7swAeM4S5XI9Mk9tdnZyJ2q59Ab2K5YdjrXASvnw==
  dependencies:
    ts-features "^1.3.4"

ts-features@^1.3.4:
  version "1.3.5"
  resolved "https://registry.yarnpkg.com/ts-features/-/ts-features-1.3.5.tgz#9254c34e2084ebcb22f1167165408e5ed95ba8c1"
  integrity sha512-fTdFEhXe1B5z4KoEytYvegv8jYvrer0GrhsiI7iF4XtNqEZ0B4qY7eaLFa6/wEobRMvGsBYD86/VHxI91MC1ew==
